
Microsoft Visual Studio Solution File, Format Version 12.00
# Visual Studio 15
VisualStudioVersion = 15.0.27428.2002
MinimumVisualStudioVersion = 10.0.40219.1
Project("{FAE04EC0-301F-11D3-BF4B-00C04F79EFBC}") = "811. Subdomain Visit Count", "811. Subdomain Visit Count\811. Subdomain Visit Count.csproj", "{AE17517F-2A1A-49E4-826F-3572247E7343}"
EndProject
Global
	GlobalSection(SolutionConfigurationPlatforms) = preSolution
		Debug|Any CPU = Debug|Any CPU
		Release|Any CPU = Release|Any CPU
	EndGlobalSection
	GlobalSection(ProjectConfigurationPlatforms) = postSolution
		{AE17517F-2A1A-49E4-826F-3572247E7343}.Debug|Any CPU.ActiveCfg = Debug|Any CPU
		{AE17517F-2A1A-49E4-826F-3572247E7343}.Debug|Any CPU.Build.0 = Debug|Any CPU
		{AE17517F-2A1A-49E4-826F-3572247E7343}.Release|Any CPU.ActiveCfg = Release|Any CPU
		{AE17517F-2A1A-49E4-826F-3572247E7343}.Release|Any CPU.Build.0 = Release|Any CPU
	EndGlobalSection
	GlobalSection(SolutionProperties) = preSolution
		HideSolutionNode = FALSE
	EndGlobalSection
	GlobalSection(ExtensibilityGlobals) = postSolution
		SolutionGuid = {5EF0C6CB-6077-4C94-9562-26A9AC90D3D6}
	EndGlobalSection
EndGlobal
